
Microsoft Visual Studio Solution File, Format Version 12.00
# Visual Studio Version 17
VisualStudioVersion = 17.3.32929.385
MinimumVisualStudioVersion = 10.0.40219.1
Project("{FAE04EC0-301F-11D3-BF4B-00C04F79EFBC}") = "Prueba", "Prueba\Prueba.csproj", "{40C10624-8FFC-4971-B437-B786BBED5B22}"
EndProject
Project("{FAE04EC0-301F-11D3-BF4B-00C04F79EFBC}") = "Prueba.Logic", "Prueba.Logic\Prueba.Logic.csproj", "{C975E05A-1484-4F3D-A34A-937E732C51A2}"
EndProject
Project("{FAE04EC0-301F-11D3-BF4B-00C04F79EFBC}") = "Prueba.Dto", "Prueba.Dto\Prueba.Dto.csproj", "{601FC84A-5F4F-478A-AE70-6567969FFCB3}"
EndProject
Global
	GlobalSection(SolutionConfigurationPlatforms) = preSolution
		Debug|Any CPU = Debug|Any CPU
		Release|Any CPU = Release|Any CPU
	EndGlobalSection
	GlobalSection(ProjectConfigurationPlatforms) = postSolution
		{40C10624-8FFC-4971-B437-B786BBED5B22}.Debug|Any CPU.ActiveCfg = Debug|Any CPU
		{40C10624-8FFC-4971-B437-B786BBED5B22}.Debug|Any CPU.Build.0 = Debug|Any CPU
		{40C10624-8FFC-4971-B437-B786BBED5B22}.Release|Any CPU.ActiveCfg = Release|Any CPU
		{40C10624-8FFC-4971-B437-B786BBED5B22}.Release|Any CPU.Build.0 = Release|Any CPU
		{C975E05A-1484-4F3D-A34A-937E732C51A2}.Debug|Any CPU.ActiveCfg = Debug|Any CPU
		{C975E05A-1484-4F3D-A34A-937E732C51A2}.Debug|Any CPU.Build.0 = Debug|Any CPU
		{C975E05A-1484-4F3D-A34A-937E732C51A2}.Release|Any CPU.ActiveCfg = Release|Any CPU
		{C975E05A-1484-4F3D-A34A-937E732C51A2}.Release|Any CPU.Build.0 = Release|Any CPU
		{601FC84A-5F4F-478A-AE70-6567969FFCB3}.Debug|Any CPU.ActiveCfg = Debug|Any CPU
		{601FC84A-5F4F-478A-AE70-6567969FFCB3}.Debug|Any CPU.Build.0 = Debug|Any CPU
		{601FC84A-5F4F-478A-AE70-6567969FFCB3}.Release|Any CPU.ActiveCfg = Release|Any CPU
		{601FC84A-5F4F-478A-AE70-6567969FFCB3}.Release|Any CPU.Build.0 = Release|Any CPU
	EndGlobalSection
	GlobalSection(SolutionProperties) = preSolution
		HideSolutionNode = FALSE
	EndGlobalSection
	GlobalSection(ExtensibilityGlobals) = postSolution
		SolutionGuid = {D9D87222-A62B-4169-9B8F-12221B470F5C}
	EndGlobalSection
EndGlobal
